
Microsoft Visual Studio Solution File, Format Version 12.00
# Visual Studio Version 16
VisualStudioVersion = 16.0.28803.352
MinimumVisualStudioVersion = 10.0.40219.1
Project("{FAE04EC0-301F-11D3-BF4B-00C04F79EFBC}") = "Ecommerce.Web", "Ecommerce.Web\Ecommerce.Web.csproj", "{80EA1776-D130-4A62-B4EE-36346CCF48C5}"
EndProject
Project("{FAE04EC0-301F-11D3-BF4B-00C04F79EFBC}") = "Ecommerce.Database", "Ecommerce.Database\Ecommerce.Database.csproj", "{6A080FE1-F964-429C-9DC3-CF2C2E2A9967}"
EndProject
Project("{FAE04EC0-301F-11D3-BF4B-00C04F79EFBC}") = "Ecommerce.Entities", "Ecommerce.Entities\Ecommerce.Entities.csproj", "{12C96B3F-33A4-4AF5-9690-2EC6F826D742}"
EndProject
Project("{FAE04EC0-301F-11D3-BF4B-00C04F79EFBC}") = "Ecommerce.Services", "Ecommerce.Services\Ecommerce.Services.csproj", "{9C0C0774-10DC-434C-9EE5-D25E70CC2B0F}"
EndProject
Global
	GlobalSection(SolutionConfigurationPlatforms) = preSolution
		Debug|Any CPU = Debug|Any CPU
		Release|Any CPU = Release|Any CPU
	EndGlobalSection
	GlobalSection(ProjectConfigurationPlatforms) = postSolution
		{80EA1776-D130-4A62-B4EE-36346CCF48C5}.Debug|Any CPU.ActiveCfg = Debug|Any CPU
		{80EA1776-D130-4A62-B4EE-36346CCF48C5}.Debug|Any CPU.Build.0 = Debug|Any CPU
		{80EA1776-D130-4A62-B4EE-36346CCF48C5}.Release|Any CPU.ActiveCfg = Release|Any CPU
		{80EA1776-D130-4A62-B4EE-36346CCF48C5}.Release|Any CPU.Build.0 = Release|Any CPU
		{6A080FE1-F964-429C-9DC3-CF2C2E2A9967}.Debug|Any CPU.ActiveCfg = Debug|Any CPU
		{6A080FE1-F964-429C-9DC3-CF2C2E2A9967}.Debug|Any CPU.Build.0 = Debug|Any CPU
		{6A080FE1-F964-429C-9DC3-CF2C2E2A9967}.Release|Any CPU.ActiveCfg = Release|Any CPU
		{6A080FE1-F964-429C-9DC3-CF2C2E2A9967}.Release|Any CPU.Build.0 = Release|Any CPU
		{12C96B3F-33A4-4AF5-9690-2EC6F826D742}.Debug|Any CPU.ActiveCfg = Debug|Any CPU
		{12C96B3F-33A4-4AF5-9690-2EC6F826D742}.Debug|Any CPU.Build.0 = Debug|Any CPU
		{12C96B3F-33A4-4AF5-9690-2EC6F826D742}.Release|Any CPU.ActiveCfg = Release|Any CPU
		{12C96B3F-33A4-4AF5-9690-2EC6F826D742}.Release|Any CPU.Build.0 = Release|Any CPU
		{9C0C0774-10DC-434C-9EE5-D25E70CC2B0F}.Debug|Any CPU.ActiveCfg = Debug|Any CPU
		{9C0C0774-10DC-434C-9EE5-D25E70CC2B0F}.Debug|Any CPU.Build.0 = Debug|Any CPU
		{9C0C0774-10DC-434C-9EE5-D25E70CC2B0F}.Release|Any CPU.ActiveCfg = Release|Any CPU
		{9C0C0774-10DC-434C-9EE5-D25E70CC2B0F}.Release|Any CPU.Build.0 = Release|Any CPU
	EndGlobalSection
	GlobalSection(SolutionProperties) = preSolution
		HideSolutionNode = FALSE
	EndGlobalSection
	GlobalSection(ExtensibilityGlobals) = postSolution
		SolutionGuid = {7B3D3ABC-3AB7-434D-A239-1DDC4B0F3BBD}
	EndGlobalSection
EndGlobal
